
Microsoft Visual Studio Solution File, Format Version 12.00
# Visual Studio Version 17
VisualStudioVersion = 17.5.33530.505
MinimumVisualStudioVersion = 10.0.40219.1
Project("{FAE04EC0-301F-11D3-BF4B-00C04F79EFBC}") = "ProjectKmeansKernelGRBF", "ProjectKmeansKernelGRBF.csproj", "{F5D39A7A-CC5F-4EC1-9D5D-69B9DC2B22CC}"
EndProject
Global
	GlobalSection(SolutionConfigurationPlatforms) = preSolution
		Debug|Any CPU = Debug|Any CPU
		Release|Any CPU = Release|Any CPU
	EndGlobalSection
	GlobalSection(ProjectConfigurationPlatforms) = postSolution
		{F5D39A7A-CC5F-4EC1-9D5D-69B9DC2B22CC}.Debug|Any CPU.ActiveCfg = Debug|Any CPU
		{F5D39A7A-CC5F-4EC1-9D5D-69B9DC2B22CC}.Debug|Any CPU.Build.0 = Debug|Any CPU
		{F5D39A7A-CC5F-4EC1-9D5D-69B9DC2B22CC}.Release|Any CPU.ActiveCfg = Release|Any CPU
		{F5D39A7A-CC5F-4EC1-9D5D-69B9DC2B22CC}.Release|Any CPU.Build.0 = Release|Any CPU
	EndGlobalSection
	GlobalSection(SolutionProperties) = preSolution
		HideSolutionNode = FALSE
	EndGlobalSection
	GlobalSection(ExtensibilityGlobals) = postSolution
		SolutionGuid = {4DD1CD77-8FEC-465E-A6EC-275CC171E1BE}
	EndGlobalSection
EndGlobal
